
Microsoft Visual Studio Solution File, Format Version 12.00
# Visual Studio Version 17
VisualStudioVersion = 17.7.34221.43
MinimumVisualStudioVersion = 10.0.40219.1
Project("{FAE04EC0-301F-11D3-BF4B-00C04F79EFBC}") = "Labb7-polymorphism", "Labb7-polymorphism\Labb7-polymorphism.csproj", "{44ACC7F5-F8D9-4757-8370-9022868A53F4}"
EndProject
Global
	GlobalSection(SolutionConfigurationPlatforms) = preSolution
		Debug|Any CPU = Debug|Any CPU
		Release|Any CPU = Release|Any CPU
	EndGlobalSection
	GlobalSection(ProjectConfigurationPlatforms) = postSolution
		{44ACC7F5-F8D9-4757-8370-9022868A53F4}.Debug|Any CPU.ActiveCfg = Debug|Any CPU
		{44ACC7F5-F8D9-4757-8370-9022868A53F4}.Debug|Any CPU.Build.0 = Debug|Any CPU
		{44ACC7F5-F8D9-4757-8370-9022868A53F4}.Release|Any CPU.ActiveCfg = Release|Any CPU
		{44ACC7F5-F8D9-4757-8370-9022868A53F4}.Release|Any CPU.Build.0 = Release|Any CPU
	EndGlobalSection
	GlobalSection(SolutionProperties) = preSolution
		HideSolutionNode = FALSE
	EndGlobalSection
	GlobalSection(ExtensibilityGlobals) = postSolution
		SolutionGuid = {DFA3DEF8-07B5-4F4E-80A4-523A2494172B}
	EndGlobalSection
EndGlobal
